
Microsoft Visual Studio Solution File, Format Version 12.00
# Visual Studio 15
VisualStudioVersion = 15.0.28307.1500
MinimumVisualStudioVersion = 10.0.40219.1
Project("{FAE04EC0-301F-11D3-BF4B-00C04F79EFBC}") = "ProjMenu", "ProjMenu\ProjMenu.csproj", "{F30A6B0B-F2F9-43E3-9779-D76BD1D6F7C4}"
EndProject
Global
	GlobalSection(SolutionConfigurationPlatforms) = preSolution
		Debug|Any CPU = Debug|Any CPU
		Release|Any CPU = Release|Any CPU
	EndGlobalSection
	GlobalSection(ProjectConfigurationPlatforms) = postSolution
		{F30A6B0B-F2F9-43E3-9779-D76BD1D6F7C4}.Debug|Any CPU.ActiveCfg = Debug|Any CPU
		{F30A6B0B-F2F9-43E3-9779-D76BD1D6F7C4}.Debug|Any CPU.Build.0 = Debug|Any CPU
		{F30A6B0B-F2F9-43E3-9779-D76BD1D6F7C4}.Release|Any CPU.ActiveCfg = Release|Any CPU
		{F30A6B0B-F2F9-43E3-9779-D76BD1D6F7C4}.Release|Any CPU.Build.0 = Release|Any CPU
	EndGlobalSection
	GlobalSection(SolutionProperties) = preSolution
		HideSolutionNode = FALSE
	EndGlobalSection
	GlobalSection(ExtensibilityGlobals) = postSolution
		SolutionGuid = {C8E79649-FAFD-4EFB-BE84-46CEA478B614}
	EndGlobalSection
EndGlobal
